
Microsoft Visual Studio Solution File, Format Version 12.00
# Visual Studio Version 17
VisualStudioVersion = 17.4.33122.133
MinimumVisualStudioVersion = 10.0.40219.1
Project("{FAE04EC0-301F-11D3-BF4B-00C04F79EFBC}") = "algorithm4", "algorithm4\algorithm4.csproj", "{29E6606E-DA25-40F9-9038-F1AAB8F78B72}"
EndProject
Global
	GlobalSection(SolutionConfigurationPlatforms) = preSolution
		Debug|Any CPU = Debug|Any CPU
		Release|Any CPU = Release|Any CPU
	EndGlobalSection
	GlobalSection(ProjectConfigurationPlatforms) = postSolution
		{29E6606E-DA25-40F9-9038-F1AAB8F78B72}.Debug|Any CPU.ActiveCfg = Debug|Any CPU
		{29E6606E-DA25-40F9-9038-F1AAB8F78B72}.Debug|Any CPU.Build.0 = Debug|Any CPU
		{29E6606E-DA25-40F9-9038-F1AAB8F78B72}.Release|Any CPU.ActiveCfg = Release|Any CPU
		{29E6606E-DA25-40F9-9038-F1AAB8F78B72}.Release|Any CPU.Build.0 = Release|Any CPU
	EndGlobalSection
	GlobalSection(SolutionProperties) = preSolution
		HideSolutionNode = FALSE
	EndGlobalSection
	GlobalSection(ExtensibilityGlobals) = postSolution
		SolutionGuid = {371BC087-FA01-4A4E-B6B5-12A55668EB5C}
	EndGlobalSection
EndGlobal
